
Microsoft Visual Studio Solution File, Format Version 12.00
# Visual Studio 2012
Project("{FAE04EC0-301F-11D3-BF4B-00C04F79EFBC}") = "Mod1_SA_Lab", "Mod1_SA_Lab\Mod1_SA_Lab.csproj", "{FBFB7A62-6AF7-4B38-BBC1-91631B2F08C7}"
EndProject
Global
	GlobalSection(SolutionConfigurationPlatforms) = preSolution
		Debug|Any CPU = Debug|Any CPU
		Release|Any CPU = Release|Any CPU
	EndGlobalSection
	GlobalSection(ProjectConfigurationPlatforms) = postSolution
		{FBFB7A62-6AF7-4B38-BBC1-91631B2F08C7}.Debug|Any CPU.ActiveCfg = Debug|Any CPU
		{FBFB7A62-6AF7-4B38-BBC1-91631B2F08C7}.Debug|Any CPU.Build.0 = Debug|Any CPU
		{FBFB7A62-6AF7-4B38-BBC1-91631B2F08C7}.Release|Any CPU.ActiveCfg = Release|Any CPU
		{FBFB7A62-6AF7-4B38-BBC1-91631B2F08C7}.Release|Any CPU.Build.0 = Release|Any CPU
	EndGlobalSection
EndGlobal
